
Microsoft Visual Studio Solution File, Format Version 12.00
# Visual Studio 15
VisualStudioVersion = 15.0.26124.0
MinimumVisualStudioVersion = 15.0.26124.0
Project("{2150E333-8FDC-42A3-9474-1A3956D46DE8}") = "src", "src", "{8BC63723-C31B-4CDB-BE16-FBD30A8E4A68}"
EndProject
Project("{FAE04EC0-301F-11D3-BF4B-00C04F79EFBC}") = "GradeBook", "src\GradeBook\GradeBook.csproj", "{C5A55302-E193-436E-B3BD-A62E3F5FA159}"
EndProject
Project("{2150E333-8FDC-42A3-9474-1A3956D46DE8}") = "test", "test", "{0CE86AE5-B0E6-47C9-84B2-1D9B21443AC9}"
EndProject
Project("{FAE04EC0-301F-11D3-BF4B-00C04F79EFBC}") = "GradeBook.Tests", "test\GradeBook.Tests\GradeBook.Tests.csproj", "{CD29EAB7-2268-4781-AA68-89EDA2567A2F}"
EndProject
Global
	GlobalSection(SolutionConfigurationPlatforms) = preSolution
		Debug|Any CPU = Debug|Any CPU
		Debug|x64 = Debug|x64
		Debug|x86 = Debug|x86
		Release|Any CPU = Release|Any CPU
		Release|x64 = Release|x64
		Release|x86 = Release|x86
	EndGlobalSection
	GlobalSection(SolutionProperties) = preSolution
		HideSolutionNode = FALSE
	EndGlobalSection
	GlobalSection(ProjectConfigurationPlatforms) = postSolution
		{C5A55302-E193-436E-B3BD-A62E3F5FA159}.Debug|Any CPU.ActiveCfg = Debug|Any CPU
		{C5A55302-E193-436E-B3BD-A62E3F5FA159}.Debug|Any CPU.Build.0 = Debug|Any CPU
		{C5A55302-E193-436E-B3BD-A62E3F5FA159}.Debug|x64.ActiveCfg = Debug|Any CPU
		{C5A55302-E193-436E-B3BD-A62E3F5FA159}.Debug|x64.Build.0 = Debug|Any CPU
		{C5A55302-E193-436E-B3BD-A62E3F5FA159}.Debug|x86.ActiveCfg = Debug|Any CPU
		{C5A55302-E193-436E-B3BD-A62E3F5FA159}.Debug|x86.Build.0 = Debug|Any CPU
		{C5A55302-E193-436E-B3BD-A62E3F5FA159}.Release|Any CPU.ActiveCfg = Release|Any CPU
		{C5A55302-E193-436E-B3BD-A62E3F5FA159}.Release|Any CPU.Build.0 = Release|Any CPU
		{C5A55302-E193-436E-B3BD-A62E3F5FA159}.Release|x64.ActiveCfg = Release|Any CPU
		{C5A55302-E193-436E-B3BD-A62E3F5FA159}.Release|x64.Build.0 = Release|Any CPU
		{C5A55302-E193-436E-B3BD-A62E3F5FA159}.Release|x86.ActiveCfg = Release|Any CPU
		{C5A55302-E193-436E-B3BD-A62E3F5FA159}.Release|x86.Build.0 = Release|Any CPU
		{CD29EAB7-2268-4781-AA68-89EDA2567A2F}.Debug|Any CPU.ActiveCfg = Debug|Any CPU
		{CD29EAB7-2268-4781-AA68-89EDA2567A2F}.Debug|Any CPU.Build.0 = Debug|Any CPU
		{CD29EAB7-2268-4781-AA68-89EDA2567A2F}.Debug|x64.ActiveCfg = Debug|Any CPU
		{CD29EAB7-2268-4781-AA68-89EDA2567A2F}.Debug|x64.Build.0 = Debug|Any CPU
		{CD29EAB7-2268-4781-AA68-89EDA2567A2F}.Debug|x86.ActiveCfg = Debug|Any CPU
		{CD29EAB7-2268-4781-AA68-89EDA2567A2F}.Debug|x86.Build.0 = Debug|Any CPU
		{CD29EAB7-2268-4781-AA68-89EDA2567A2F}.Release|Any CPU.ActiveCfg = Release|Any CPU
		{CD29EAB7-2268-4781-AA68-89EDA2567A2F}.Release|Any CPU.Build.0 = Release|Any CPU
		{CD29EAB7-2268-4781-AA68-89EDA2567A2F}.Release|x64.ActiveCfg = Release|Any CPU
		{CD29EAB7-2268-4781-AA68-89EDA2567A2F}.Release|x64.Build.0 = Release|Any CPU
		{CD29EAB7-2268-4781-AA68-89EDA2567A2F}.Release|x86.ActiveCfg = Release|Any CPU
		{CD29EAB7-2268-4781-AA68-89EDA2567A2F}.Release|x86.Build.0 = Release|Any CPU
	EndGlobalSection
	GlobalSection(NestedProjects) = preSolution
		{C5A55302-E193-436E-B3BD-A62E3F5FA159} = {8BC63723-C31B-4CDB-BE16-FBD30A8E4A68}
		{CD29EAB7-2268-4781-AA68-89EDA2567A2F} = {0CE86AE5-B0E6-47C9-84B2-1D9B21443AC9}
	EndGlobalSection
EndGlobal
